// !$*UTF8*$!
{
	archiveVersion = 1;
	classes = {
	};
	objectVersion = 56;
	objects = {

/* Begin PBXBuildFile section */
		3DFEF3BA2B6195EE007261EF /* AppDelegate.swift in Sources */ = {isa = PBXBuildFile; fileRef = 3DFEF3B92B6195EE007261EF /* AppDelegate.swift */; };
		3DFEF3BC2B6195EE007261EF /* SceneDelegate.swift in Sources */ = {isa = PBXBuildFile; fileRef = 3DFEF3BB2B6195EE007261EF /* SceneDelegate.swift */; };
		3DFEF3BE2B6195EE007261EF /* ViewController.swift in Sources */ = {isa = PBXBuildFile; fileRef = 3DFEF3BD2B6195EE007261EF /* ViewController.swift */; };
		3DFEF3C12B6195EE007261EF /* Main.storyboard in Resources */ = {isa = PBXBuildFile; fileRef = 3DFEF3BF2B6195EE007261EF /* Main.storyboard */; };
		3DFEF3C42B6195EE007261EF /* SideMenuApp.xcdatamodeld in Sources */ = {isa = PBXBuildFile; fileRef = 3DFEF3C22B6195EE007261EF /* SideMenuApp.xcdatamodeld */; };
		3DFEF3C62B6195FB007261EF /* Assets.xcassets in Resources */ = {isa = PBXBuildFile; fileRef = 3DFEF3C52B6195FB007261EF /* Assets.xcassets */; };
		3DFEF3C92B6195FB007261EF /* LaunchScreen.storyboard in Resources */ = {isa = PBXBuildFile; fileRef = 3DFEF3C72B6195FB007261EF /* LaunchScreen.storyboard */; };
		3DFEF3D12B6199CF007261EF /* MenuViewController.swift in Sources */ = {isa = PBXBuildFile; fileRef = 3DFEF3D02B6199CF007261EF /* MenuViewController.swift */; };
		3DFEF3D32B619C3A007261EF /* ViewControllerDelegate.swift in Sources */ = {isa = PBXBuildFile; fileRef = 3DFEF3D22B619C3A007261EF /* ViewControllerDelegate.swift */; };
		3DFEF3D52B619CA5007261EF /* ContentViewControllerDelegate.swift in Sources */ = {isa = PBXBuildFile; fileRef = 3DFEF3D42B619CA5007261EF /* ContentViewControllerDelegate.swift */; };
		3DFEF3D72B619D1B007261EF /* ContentViewController.swift in Sources */ = {isa = PBXBuildFile; fileRef = 3DFEF3D62B619D1B007261EF /* ContentViewController.swift */; };
/* End PBXBuildFile section */

/* Begin PBXFileReference section */
		3DFEF3B62B6195EE007261EF /* SideMenuApp.app */ = {isa = PBXFileReference; explicitFileType = wrapper.application; includeInIndex = 0; path = SideMenuApp.app; sourceTree = BUILT_PRODUCTS_DIR; };
		3DFEF3B92B6195EE007261EF /* AppDelegate.swift */ = {isa = PBXFileReference; lastKnownFileType = sourcecode.swift; path = AppDelegate.swift; sourceTree = "<group>"; };
		3DFEF3BB2B6195EE007261EF /* SceneDelegate.swift */ = {isa = PBXFileReference; lastKnownFileType = sourcecode.swift; path = SceneDelegate.swift; sourceTree = "<group>"; };
		3DFEF3BD2B6195EE007261EF /* ViewController.swift */ = {isa = PBXFileReference; lastKnownFileType = sourcecode.swift; path = ViewController.swift; sourceTree = "<group>"; };
		3DFEF3C02B6195EE007261EF /* Base */ = {isa = PBXFileReference; lastKnownFileType = file.storyboard; name = Base; path = Base.lproj/Main.storyboard; sourceTree = "<group>"; };
		3DFEF3C32B6195EE007261EF /* SideMenuApp.xcdatamodel */ = {isa = PBXFileReference; lastKnownFileType = wrapper.xcdatamodel; path = SideMenuApp.xcdatamodel; sourceTree = "<group>"; };
		3DFEF3C52B6195FB007261EF /* Assets.xcassets */ = {isa = PBXFileReference; lastKnownFileType = folder.assetcatalog; path = Assets.xcassets; sourceTree = "<group>"; };
		3DFEF3C82B6195FB007261EF /* Base */ = {isa = PBXFileReference; lastKnownFileType = file.storyboard; name = Base; path = Base.lproj/LaunchScreen.storyboard; sourceTree = "<group>"; };
		3DFEF3CA2B6195FB007261EF /* Info.plist */ = {isa = PBXFileReference; lastKnownFileType = text.plist.xml; path = Info.plist; sourceTree = "<group>"; };
		3DFEF3D02B6199CF007261EF /* MenuViewController.swift */ = {isa = PBXFileReference; lastKnownFileType = sourcecode.swift; path = MenuViewController.swift; sourceTree = "<group>"; };
		3DFEF3D22B619C3A007261EF /* ViewControllerDelegate.swift */ = {isa = PBXFileReference; lastKnownFileType = sourcecode.swift; path = ViewControllerDelegate.swift; sourceTree = "<group>"; };
		3DFEF3D42B619CA5007261EF /* ContentViewControllerDelegate.swift */ = {isa = PBXFileReference; lastKnownFileType = sourcecode.swift; path = ContentViewControllerDelegate.swift; sourceTree = "<group>"; };
		3DFEF3D62B619D1B007261EF /* ContentViewController.swift */ = {isa = PBXFileReference; lastKnownFileType = sourcecode.swift; path = ContentViewController.swift; sourceTree = "<group>"; };
/* End PBXFileReference section */

/* Begin PBXFrameworksBuildPhase section */
		3DFEF3B32B6195EE007261EF /* Frameworks */ = {
			isa = PBXFrameworksBuildPhase;
			buildActionMask = 2147483647;
			files = (
			);
			runOnlyForDeploymentPostprocessing = 0;
		};
/* End PBXFrameworksBuildPhase section */

/* Begin PBXGroup section */
		3DFEF3AD2B6195EE007261EF = {
			isa = PBXGroup;
			children = (
				3DFEF3B82B6195EE007261EF /* SideMenuApp */,
				3DFEF3B72B6195EE007261EF /* Products */,
			);
			sourceTree = "<group>";
		};
		3DFEF3B72B6195EE007261EF /* Products */ = {
			isa = PBXGroup;
			children = (
				3DFEF3B62B6195EE007261EF /* SideMenuApp.app */,
			);
			name = Products;
			sourceTree = "<group>";
		};
		3DFEF3B82B6195EE007261EF /* SideMenuApp */ = {
			isa = PBXGroup;
			children = (
				3DFEF3B92B6195EE007261EF /* AppDelegate.swift */,
				3DFEF3BB2B6195EE007261EF /* SceneDelegate.swift */,
				3DFEF3BD2B6195EE007261EF /* ViewController.swift */,
				3DFEF3D62B619D1B007261EF /* ContentViewController.swift */,
				3DFEF3D02B6199CF007261EF /* MenuViewController.swift */,
				3DFEF3D22B619C3A007261EF /* ViewControllerDelegate.swift */,
				3DFEF3D42B619CA5007261EF /* ContentViewControllerDelegate.swift */,
				3DFEF3BF2B6195EE007261EF /* Main.storyboard */,
				3DFEF3C52B6195FB007261EF /* Assets.xcassets */,
				3DFEF3C72B6195FB007261EF /* LaunchScreen.storyboard */,
				3DFEF3CA2B6195FB007261EF /* Info.plist */,
				3DFEF3C22B6195EE007261EF /* SideMenuApp.xcdatamodeld */,
			);
			path = SideMenuApp;
			sourceTree = "<group>";
		};
/* End PBXGroup section */

/* Begin PBXNativeTarget section */
		3DFEF3B52B6195EE007261EF /* SideMenuApp */ = {
			isa = PBXNativeTarget;
			buildConfigurationList = 3DFEF3CD2B6195FB007261EF /* Build configuration list for PBXNativeTarget "SideMenuApp" */;
			buildPhases = (
				3DFEF3B22B6195EE007261EF /* Sources */,
				3DFEF3B32B6195EE007261EF /* Frameworks */,
				3DFEF3B42B6195EE007261EF /* Resources */,
			);
			buildRules = (
			);
			dependencies = (
			);
			name = SideMenuApp;
			productName = SideMenuApp;
			productReference = 3DFEF3B62B6195EE007261EF /* SideMenuApp.app */;
			productType = "com.apple.product-type.application";
		};
/* End PBXNativeTarget section */

/* Begin PBXProject section */
		3DFEF3AE2B6195EE007261EF /* Project object */ = {
			isa = PBXProject;
			attributes = {
				BuildIndependentTargetsInParallel = 1;
				LastSwiftUpdateCheck = 1520;
				LastUpgradeCheck = 1520;
				TargetAttributes = {
					3DFEF3B52B6195EE007261EF = {
						CreatedOnToolsVersion = 15.2;
					};
				};
			};
			buildConfigurationList = 3DFEF3B12B6195EE007261EF /* Build configuration list for PBXProject "SideMenuApp" */;
			compatibilityVersion = "Xcode 14.0";
			developmentRegion = en;
			hasScannedForEncodings = 0;
			knownRegions = (
				en,
				Base,
			);
			mainGroup = 3DFEF3AD2B6195EE007261EF;
			productRefGroup = 3DFEF3B72B6195EE007261EF /* Products */;
			projectDirPath = "";
			projectRoot = "";
			targets = (
				3DFEF3B52B6195EE007261EF /* SideMenuApp */,
			);
		};
/* End PBXProject section */

/* Begin PBXResourcesBuildPhase section */
		3DFEF3B42B6195EE007261EF /* Resources */ = {
			isa = PBXResourcesBuildPhase;
			buildActionMask = 2147483647;
			files = (
				3DFEF3C92B6195FB007261EF /* LaunchScreen.storyboard in Resources */,
				3DFEF3C62B6195FB007261EF /* Assets.xcassets in Resources */,
				3DFEF3C12B6195EE007261EF /* Main.storyboard in Resources */,
			);
			runOnlyForDeploymentPostprocessing = 0;
		};
/* End PBXResourcesBuildPhase section */

/* Begin PBXSourcesBuildPhase section */
		3DFEF3B22B6195EE007261EF /* Sources */ = {
			isa = PBXSourcesBuildPhase;
			buildActionMask = 2147483647;
			files = (
				3DFEF3D72B619D1B007261EF /* ContentViewController.swift in Sources */,
				3DFEF3D52B619CA5007261EF /* ContentViewControllerDelegate.swift in Sources */,
				3DFEF3BE2B6195EE007261EF /* ViewController.swift in Sources */,
				3DFEF3D12B6199CF007261EF /* MenuViewController.swift in Sources */,
				3DFEF3BA2B6195EE007261EF /* AppDelegate.swift in Sources */,
				3DFEF3BC2B6195EE007261EF /* SceneDelegate.swift in Sources */,
				3DFEF3C42B6195EE007261EF /* SideMenuApp.xcdatamodeld in Sources */,
				3DFEF3D32B619C3A007261EF /* ViewControllerDelegate.swift in Sources */,
			);
			runOnlyForDeploymentPostprocessing = 0;
		};
/* End PBXSourcesBuildPhase section */

/* Begin PBXVariantGroup section */
		3DFEF3BF2B6195EE007261EF /* Main.storyboard */ = {
			isa = PBXVariantGroup;
			children = (
				3DFEF3C02B6195EE007261EF /* Base */,
			);
			name = Main.storyboard;
			sourceTree = "<group>";
		};
		3DFEF3C72B6195FB007261EF /* LaunchScreen.storyboard */ = {
			isa = PBXVariantGroup;
			children = (
				3DFEF3C82B6195FB007261EF /* Base */,
			);
			name = LaunchScreen.storyboard;
			sourceTree = "<group>";
		};
/* End PBXVariantGroup section */

/* Begin XCBuildConfiguration section */
		3DFEF3CB2B6195FB007261EF /* Debug */ = {
			isa = XCBuildConfiguration;
			buildSettings = {
				ALWAYS_SEARCH_USER_PATHS = NO;
				ASSETCATALOG_COMPILER_GENERATE_SWIFT_ASSET_SYMBOL_EXTENSIONS = YES;
				CLANG_ANALYZER_NONNULL = YES;
				CLANG_ANALYZER_NUMBER_OBJECT_CONVERSION = YES_AGGRESSIVE;
				CLANG_CXX_LANGUAGE_STANDARD = "gnu++20";
				CLANG_ENABLE_MODULES = YES;
				CLANG_ENABLE_OBJC_ARC = YES;
				CLANG_ENABLE_OBJC_WEAK = YES;
				CLANG_WARN_BLOCK_CAPTURE_AUTORELEASING = YES;
				CLANG_WARN_BOOL_CONVERSION = YES;
				CLANG_WARN_COMMA = YES;
				CLANG_WARN_CONSTANT_CONVERSION = YES;
				CLANG_WARN_DEPRECATED_OBJC_IMPLEMENTATIONS = YES;
				CLANG_WARN_DIRECT_OBJC_ISA_USAGE = YES_ERROR;
				CLANG_WARN_DOCUMENTATION_COMMENTS = YES;
				CLANG_WARN_EMPTY_BODY = YES;
				CLANG_WARN_ENUM_CONVERSION = YES;
				CLANG_WARN_INFINITE_RECURSION = YES;
				CLANG_WARN_INT_CONVERSION = YES;
				CLANG_WARN_NON_LITERAL_NULL_CONVERSION = YES;
				CLANG_WARN_OBJC_IMPLICIT_RETAIN_SELF = YES;
				CLANG_WARN_OBJC_LITERAL_CONVERSION = YES;
				CLANG_WARN_OBJC_ROOT_CLASS = YES_ERROR;
				CLANG_WARN_QUOTED_INCLUDE_IN_FRAMEWORK_HEADER = YES;
				CLANG_WARN_RANGE_LOOP_ANALYSIS = YES;
				CLANG_WARN_STRICT_PROTOTYPES = YES;
				CLANG_WARN_SUSPICIOUS_MOVE = YES;
				CLANG_WARN_UNGUARDED_AVAILABILITY = YES_AGGRESSIVE;
				CLANG_WARN_UNREACHABLE_CODE = YES;
				CLANG_WARN__DUPLICATE_METHOD_MATCH = YES;
				COPY_PHASE_STRIP = NO;
				DEBUG_INFORMATION_FORMAT = dwarf;
				ENABLE_STRICT_OBJC_MSGSEND = YES;
				ENABLE_TESTABILITY = YES;
				ENABLE_USER_SCRIPT_SANDBOXING = YES;
				GCC_C_LANGUAGE_STANDARD = gnu17;
				GCC_DYNAMIC_NO_PIC = NO;
				GCC_NO_COMMON_BLOCKS = YES;
				GCC_OPTIMIZATION_LEVEL = 0;
				GCC_PREPROCESSOR_DEFINITIONS = (
					"DEBUG=1",
					"$(inherited)",
				);
				GCC_WARN_64_TO_32_BIT_CONVERSION = YES;
				GCC_WARN_ABOUT_RETURN_TYPE = YES_ERROR;
				GCC_WARN_UNDECLARED_SELECTOR = YES;
				GCC_WARN_UNINITIALIZED_AUTOS = YES_AGGRESSIVE;
				GCC_WARN_UNUSED_FUNCTION = YES;
				GCC_WARN_UNUSED_VARIABLE = YES;
				IPHONEOS_DEPLOYMENT_TARGET = 17.2;
				LOCALIZATION_PREFERS_STRING_CATALOGS = YES;
				MTL_ENABLE_DEBUG_INFO = INCLUDE_SOURCE;
				MTL_FAST_MATH = YES;
				ONLY_ACTIVE_ARCH = YES;
				SDKROOT = iphoneos;
				SWIFT_ACTIVE_COMPILATION_CONDITIONS = "DEBUG $(inherited)";
				SWIFT_OPTIMIZATION_LEVEL = "-Onone";
			};
			name = Debug;
		};
		3DFEF3CC2B6195FB007261EF /* Release */ = {
			isa = XCBuildConfiguration;
			buildSettings = {
				ALWAYS_SEARCH_USER_PATHS = NO;
				ASSETCATALOG_COMPILER_GENERATE_SWIFT_ASSET_SYMBOL_EXTENSIONS = YES;
				CLANG_ANALYZER_NONNULL = YES;
				CLANG_ANALYZER_NUMBER_OBJECT_CONVERSION = YES_AGGRESSIVE;
				CLANG_CXX_LANGUAGE_STANDARD = "gnu++20";
				CLANG_ENABLE_MODULES = YES;
				CLANG_ENABLE_OBJC_ARC = YES;
				CLANG_ENABLE_OBJC_WEAK = YES;
				CLANG_WARN_BLOCK_CAPTURE_AUTORELEASING = YES;
				CLANG_WARN_BOOL_CONVERSION = YES;
				CLANG_WARN_COMMA = YES;
				CLANG_WARN_CONSTANT_CONVERSION = YES;
				CLANG_WARN_DEPRECATED_OBJC_IMPLEMENTATIONS = YES;
				CLANG_WARN_DIRECT_OBJC_ISA_USAGE = YES_ERROR;
				CLANG_WARN_DOCUMENTATION_COMMENTS = YES;
				CLANG_WARN_EMPTY_BODY = YES;
				CLANG_WARN_ENUM_CONVERSION = YES;
				CLANG_WARN_INFINITE_RECURSION = YES;
				CLANG_WARN_INT_CONVERSION = YES;
				CLANG_WARN_NON_LITERAL_NULL_CONVERSION = YES;
				CLANG_WARN_OBJC_IMPLICIT_RETAIN_SELF = YES;
				CLANG_WARN_OBJC_LITERAL_CONVERSION = YES;
				CLANG_WARN_OBJC_ROOT_CLASS = YES_ERROR;
				CLANG_WARN_QUOTED_INCLUDE_IN_FRAMEWORK_HEADER = YES;
				CLANG_WARN_RANGE_LOOP_ANALYSIS = YES;
				CLANG_WARN_STRICT_PROTOTYPES = YES;
				CLANG_WARN_SUSPICIOUS_MOVE = YES;
				CLANG_WARN_UNGUARDED_AVAILABILITY = YES_AGGRESSIVE;
				CLANG_WARN_UNREACHABLE_CODE = YES;
				CLANG_WARN__DUPLICATE_METHOD_MATCH = YES;
				COPY_PHASE_STRIP = NO;
				DEBUG_INFORMATION_FORMAT = "dwarf-with-dsym";
				ENABLE_NS_ASSERTIONS = NO;
				ENABLE_STRICT_OBJC_MSGSEND = YES;
				ENABLE_USER_SCRIPT_SANDBOXING = YES;
				GCC_C_LANGUAGE_STANDARD = gnu17;
				GCC_NO_COMMON_BLOCKS = YES;
				GCC_WARN_64_TO_32_BIT_CONVERSION = YES;
				GCC_WARN_ABOUT_RETURN_TYPE = YES_ERROR;
				GCC_WARN_UNDECLARED_SELECTOR = YES;
				GCC_WARN_UNINITIALIZED_AUTOS = YES_AGGRESSIVE;
				GCC_WARN_UNUSED_FUNCTION = YES;
				GCC_WARN_UNUSED_VARIABLE = YES;
				IPHONEOS_DEPLOYMENT_TARGET = 17.2;
				LOCALIZATION_PREFERS_STRING_CATALOGS = YES;
				MTL_ENABLE_DEBUG_INFO = NO;
				MTL_FAST_MATH = YES;
				SDKROOT = iphoneos;
				SWIFT_COMPILATION_MODE = wholemodule;
				VALIDATE_PRODUCT = YES;
			};
			name = Release;
		};
		3DFEF3CE2B6195FB007261EF /* Debug */ = {
			isa = XCBuildConfiguration;
			buildSettings = {
				ASSETCATALOG_COMPILER_APPICON_NAME = AppIcon;
				ASSETCATALOG_COMPILER_GLOBAL_ACCENT_COLOR_NAME = AccentColor;
				CODE_SIGN_STYLE = Automatic;
				CURRENT_PROJECT_VERSION = 1;
				GENERATE_INFOPLIST_FILE = YES;
				INFOPLIST_FILE = SideMenuApp/Info.plist;
				INFOPLIST_KEY_UIApplicationSupportsIndirectInputEvents = YES;
				INFOPLIST_KEY_UILaunchStoryboardName = LaunchScreen;
				INFOPLIST_KEY_UIMainStoryboardFile = Main;
				INFOPLIST_KEY_UISupportedInterfaceOrientations_iPad = "UIInterfaceOrientationPortrait UIInterfaceOrientationPortraitUpsideDown UIInterfaceOrientationLandscapeLeft UIInterfaceOrientationLandscapeRight";
				INFOPLIST_KEY_UISupportedInterfaceOrientations_iPhone = "UIInterfaceOrientationPortrait UIInterfaceOrientationLandscapeLeft UIInterfaceOrientationLandscapeRight";
				LD_RUNPATH_SEARCH_PATHS = (
					"$(inherited)",
					"@executable_path/Frameworks",
				);
				MARKETING_VERSION = 1.0;
				PRODUCT_BUNDLE_IDENTIFIER = es.estech.SideMenuApp;
				PRODUCT_NAME = "$(TARGET_NAME)";
				SWIFT_EMIT_LOC_STRINGS = YES;
				SWIFT_VERSION = 5.0;
				TARGETED_DEVICE_FAMILY = "1,2";
			};
			name = Debug;
		};
		3DFEF3CF2B6195FB007261EF /* Release */ = {
			isa = XCBuildConfiguration;
			buildSettings = {
				ASSETCATALOG_COMPILER_APPICON_NAME = AppIcon;
				ASSETCATALOG_COMPILER_GLOBAL_ACCENT_COLOR_NAME = AccentColor;
				CODE_SIGN_STYLE = Automatic;
				CURRENT_PROJECT_VERSION = 1;
				GENERATE_INFOPLIST_FILE = YES;
				INFOPLIST_FILE = SideMenuApp/Info.plist;
				INFOPLIST_KEY_UIApplicationSupportsIndirectInputEvents = YES;
				INFOPLIST_KEY_UILaunchStoryboardName = LaunchScreen;
				INFOPLIST_KEY_UIMainStoryboardFile = Main;
				INFOPLIST_KEY_UISupportedInterfaceOrientations_iPad = "UIInterfaceOrientationPortrait UIInterfaceOrientationPortraitUpsideDown UIInterfaceOrientationLandscapeLeft UIInterfaceOrientationLandscapeRight";
				INFOPLIST_KEY_UISupportedInterfaceOrientations_iPhone = "UIInterfaceOrientationPortrait UIInterfaceOrientationLandscapeLeft UIInterfaceOrientationLandscapeRight";
				LD_RUNPATH_SEARCH_PATHS = (
					"$(inherited)",
					"@executable_path/Frameworks",
				);
				MARKETING_VERSION = 1.0;
				PRODUCT_BUNDLE_IDENTIFIER = es.estech.SideMenuApp;
				PRODUCT_NAME = "$(TARGET_NAME)";
				SWIFT_EMIT_LOC_STRINGS = YES;
				SWIFT_VERSION = 5.0;
				TARGETED_DEVICE_FAMILY = "1,2";
			};
			name = Release;
		};
/* End XCBuildConfiguration section */

/* Begin XCConfigurationList section */
		3DFEF3B12B6195EE007261EF /* Build configuration list for PBXProject "SideMenuApp" */ = {
			isa = XCConfigurationList;
			buildConfigurations = (
				3DFEF3CB2B6195FB007261EF /* Debug */,
				3DFEF3CC2B6195FB007261EF /* Release */,
			);
			defaultConfigurationIsVisible = 0;
			defaultConfigurationName = Release;
		};
		3DFEF3CD2B6195FB007261EF /* Build configuration list for PBXNativeTarget "SideMenuApp" */ = {
			isa = XCConfigurationList;
			buildConfigurations = (
				3DFEF3CE2B6195FB007261EF /* Debug */,
				3DFEF3CF2B6195FB007261EF /* Release */,
			);
			defaultConfigurationIsVisible = 0;
			defaultConfigurationName = Release;
		};
/* End XCConfigurationList section */

/* Begin XCVersionGroup section */
		3DFEF3C22B6195EE007261EF /* SideMenuApp.xcdatamodeld */ = {
			isa = XCVersionGroup;
			children = (
				3DFEF3C32B6195EE007261EF /* SideMenuApp.xcdatamodel */,
			);
			currentVersion = 3DFEF3C32B6195EE007261EF /* SideMenuApp.xcdatamodel */;
			path = SideMenuApp.xcdatamodeld;
			sourceTree = "<group>";
			versionGroupType = wrapper.xcdatamodel;
		};
/* End XCVersionGroup section */
	};
	rootObject = 3DFEF3AE2B6195EE007261EF /* Project object */;
}
